{
  "name": "repository-guidelines",
  "version": "1.0.0",
  "lockfileVersion": 2,
  "requires": true,
  "packages": {
    "": {
      "name": "repository-guidelines",
      "version": "1.0.0",
      "license": "MIT",
      "devDependencies": {
        "eslint-config-mrdgh2821": "^2.0.0"
      }
    },
    "node_modules/eslint-config-mrdgh2821": {
      "version": "2.0.0",
      "resolved": "https://registry.npmjs.org/eslint-config-mrdgh2821/-/eslint-config-mrdgh2821-2.0.0.tgz",
      "integrity": "sha512-PjimOXaCyxdyll46uWt88/BVv+KDFUq8ME8KIh8ynO3zVTIKO9KzSbE3XlrFV585j+4FdpU+Jn38rkUkZM4mTA==",
      "dev": true
    }
  },
  "dependencies": {
    "eslint-config-mrdgh2821": {
      "version": "2.0.0",
      "resolved": "https://registry.npmjs.org/eslint-config-mrdgh2821/-/eslint-config-mrdgh2821-2.0.0.tgz",
      "integrity": "sha512-PjimOXaCyxdyll46uWt88/BVv+KDFUq8ME8KIh8ynO3zVTIKO9KzSbE3XlrFV585j+4FdpU+Jn38rkUkZM4mTA==",
      "dev": true
    }
  }
}
